{
  "name": "npm-lesson",
  "version": "1.0.0",
  "lockfileVersion": 3,
  "requires": true,
  "packages": {
    "": {
      "name": "npm-lesson",
      "version": "1.0.0",
      "license": "ISC",
      "dependencies": {
        "jewish-date": "^2.0.23"
      }
    },
    "node_modules/gematriya": {
      "version": "2.0.0",
      "resolved": "https://registry.npmjs.org/gematriya/-/gematriya-2.0.0.tgz",
      "integrity": "sha512-i+G3iGTn/vmojZkvS0dDPcw46tREqS10mztDOVoG6AACZzqp0eOpvIYaAOqZEiH4ee0Rkgt1Sf6jWM1GobJIeg=="
    },
    "node_modules/jewish-date": {
      "version": "2.0.23",
      "resolved": "https://registry.npmjs.org/jewish-date/-/jewish-date-2.0.23.tgz",
      "integrity": "sha512-/HpSH6Zm4i6Q3UgiD694D6/yceQE+b6ZwU1wVMLMEl7EQ7EUol27NPL5qGlOHUxPk22T7H2oxCB9OWtriK0NIA==",
      "dependencies": {
        "gematriya": "^2.0.0"
      }
    }
  }
}
